Microsoft Visual Studio Solution File, Format Version 12.00
# Visual Studio Version 17
VisualStudioVersion = 17.5.2.0
MinimumVisualStudioVersion = 10.0.40219.1
Project("{FAE04EC0-301F-11D3-BF4B-00C04F79EFBC}") = "CClient", "CClient\CClient.csproj", "{7E7B6E95-A228-D5AD-9D7E-DCCBA2199D6A}"
EndProject
Project("{FAE04EC0-301F-11D3-BF4B-00C04F79EFBC}") = "CServer", "CServer\CServer.csproj", "{01160B1A-28D8-60E5-9090-F318CAA5E2E5}"
EndProject
Global
	GlobalSection(SolutionConfigurationPlatforms) = preSolution
		Debug|Any CPU = Debug|Any CPU
		Release|Any CPU = Release|Any CPU
	EndGlobalSection
	GlobalSection(ProjectConfigurationPlatforms) = postSolution
		{7E7B6E95-A228-D5AD-9D7E-DCCBA2199D6A}.Debug|Any CPU.ActiveCfg = Debug|Any CPU
		{7E7B6E95-A228-D5AD-9D7E-DCCBA2199D6A}.Debug|Any CPU.Build.0 = Debug|Any CPU
		{7E7B6E95-A228-D5AD-9D7E-DCCBA2199D6A}.Release|Any CPU.ActiveCfg = Release|Any CPU
		{7E7B6E95-A228-D5AD-9D7E-DCCBA2199D6A}.Release|Any CPU.Build.0 = Release|Any CPU
		{01160B1A-28D8-60E5-9090-F318CAA5E2E5}.Debug|Any CPU.ActiveCfg = Debug|Any CPU
		{01160B1A-28D8-60E5-9090-F318CAA5E2E5}.Debug|Any CPU.Build.0 = Debug|Any CPU
		{01160B1A-28D8-60E5-9090-F318CAA5E2E5}.Release|Any CPU.ActiveCfg = Release|Any CPU
		{01160B1A-28D8-60E5-9090-F318CAA5E2E5}.Release|Any CPU.Build.0 = Release|Any CPU
	EndGlobalSection
	GlobalSection(SolutionProperties) = preSolution
		HideSolutionNode = FALSE
	EndGlobalSection
	GlobalSection(ExtensibilityGlobals) = postSolution
		SolutionGuid = {98C6EABC-7A7F-4A4B-8FA4-8C4CF4587E1A}
	EndGlobalSection
EndGlobal
